<Solution>
  <Project Path="Obfuz.Editor.csproj" />
  <Project Path="PE.Config.csproj" />
  <Project Path="Eevee.csproj" />
  <Project Path="Luban.Runtime.csproj" />
  <Project Path="Obfuz.Runtime.csproj" />
  <Project Path="NuGetForUnity.csproj" />
  <Project Path="Luban.Editor.csproj" />
  <Project Path="DOTween.Modules.csproj" />
  <Project Path="PE.Editor.csproj" />
</Solution>
